
Microsoft Visual Studio Solution File, Format Version 12.00
# Visual Studio Version 17
VisualStudioVersion = 17.10.35013.160
MinimumVisualStudioVersion = 10.0.40219.1
Project("{FAE04EC0-301F-11D3-BF4B-00C04F79EFBC}") = "program", "program\program.csproj", "{B8D2EDC5-FF02-4ABA-A205-43D198F69EFA}"
EndProject
Project("{FAE04EC0-301F-11D3-BF4B-00C04F79EFBC}") = "UnitTestProject", "UnitTestProject\UnitTestProject.csproj", "{44303D51-07A9-4F08-803A-1B30D03D01B5}"
EndProject
Global
	GlobalSection(SolutionConfigurationPlatforms) = preSolution
		Debug|Any CPU = Debug|Any CPU
		Release|Any CPU = Release|Any CPU
	EndGlobalSection
	GlobalSection(ProjectConfigurationPlatforms) = postSolution
		{B8D2EDC5-FF02-4ABA-A205-43D198F69EFA}.Debug|Any CPU.ActiveCfg = Debug|Any CPU
		{B8D2EDC5-FF02-4ABA-A205-43D198F69EFA}.Debug|Any CPU.Build.0 = Debug|Any CPU
		{B8D2EDC5-FF02-4ABA-A205-43D198F69EFA}.Release|Any CPU.ActiveCfg = Release|Any CPU
		{B8D2EDC5-FF02-4ABA-A205-43D198F69EFA}.Release|Any CPU.Build.0 = Release|Any CPU
		{44303D51-07A9-4F08-803A-1B30D03D01B5}.Debug|Any CPU.ActiveCfg = Debug|Any CPU
		{44303D51-07A9-4F08-803A-1B30D03D01B5}.Debug|Any CPU.Build.0 = Debug|Any CPU
		{44303D51-07A9-4F08-803A-1B30D03D01B5}.Release|Any CPU.ActiveCfg = Release|Any CPU
		{44303D51-07A9-4F08-803A-1B30D03D01B5}.Release|Any CPU.Build.0 = Release|Any CPU
	EndGlobalSection
	GlobalSection(SolutionProperties) = preSolution
		HideSolutionNode = FALSE
	EndGlobalSection
	GlobalSection(ExtensibilityGlobals) = postSolution
		SolutionGuid = {1C349993-550F-428A-B172-CAC8BC417A19}
	EndGlobalSection
EndGlobal
